dependencies:
- name: elasticsearch
  repository: http://10.116.18.93:8080/
  version: 1.30.0
- name: kafka
  repository: http://10.116.18.93:8080/
  version: 0.16.0
- name: eureka
  repository: http://10.116.18.93:8080/
  version: 0.1.0
- name: mysql
  repository: http://10.116.18.93:8080/
  version: 1.0.1
digest: sha256:e9d5787df258455b503fd9f5bd7a8a38e605487a0a3d426c159021d9f06b1ea3
generated: 2019-11-12T16:56:18.669052718+08:00
